
Microsoft Visual Studio Solution File, Format Version 12.00
# Visual Studio Version 16
VisualStudioVersion = 16.0.31410.357
MinimumVisualStudioVersion = 10.0.40219.1
Project("{FAE04EC0-301F-11D3-BF4B-00C04F79EFBC}") = "RegistroUsuarios1.0", "RegistroUsuarios1.0\RegistroUsuarios1.0.csproj", "{CBEE9D05-EBE0-4276-9936-A7EDA557AD76}"
EndProject
Project("{FAE04EC0-301F-11D3-BF4B-00C04F79EFBC}") = "FactoryUsuarios", "FactoryUsuarios\FactoryUsuarios.csproj", "{6CBE9518-44F4-4CAE-B8E2-33BFD246CCB7}"
EndProject
Global
	GlobalSection(SolutionConfigurationPlatforms) = preSolution
		Debug|Any CPU = Debug|Any CPU
		Release|Any CPU = Release|Any CPU
	EndGlobalSection
	GlobalSection(ProjectConfigurationPlatforms) = postSolution
		{CBEE9D05-EBE0-4276-9936-A7EDA557AD76}.Debug|Any CPU.ActiveCfg = Debug|Any CPU
		{CBEE9D05-EBE0-4276-9936-A7EDA557AD76}.Debug|Any CPU.Build.0 = Debug|Any CPU
		{CBEE9D05-EBE0-4276-9936-A7EDA557AD76}.Release|Any CPU.ActiveCfg = Release|Any CPU
		{CBEE9D05-EBE0-4276-9936-A7EDA557AD76}.Release|Any CPU.Build.0 = Release|Any CPU
		{6CBE9518-44F4-4CAE-B8E2-33BFD246CCB7}.Debug|Any CPU.ActiveCfg = Debug|Any CPU
		{6CBE9518-44F4-4CAE-B8E2-33BFD246CCB7}.Debug|Any CPU.Build.0 = Debug|Any CPU
		{6CBE9518-44F4-4CAE-B8E2-33BFD246CCB7}.Release|Any CPU.ActiveCfg = Release|Any CPU
		{6CBE9518-44F4-4CAE-B8E2-33BFD246CCB7}.Release|Any CPU.Build.0 = Release|Any CPU
	EndGlobalSection
	GlobalSection(SolutionProperties) = preSolution
		HideSolutionNode = FALSE
	EndGlobalSection
	GlobalSection(ExtensibilityGlobals) = postSolution
		SolutionGuid = {BCA86851-3A00-415B-8E5C-16BD8A4E8C0B}
	EndGlobalSection
EndGlobal
